version = 1
revision = 3
requires-python = "==3.13.*"

[[package]]
name = "anyio"
version = "4.15.1"
source = { registry = "https://pypi.org/simple" }
dependencies = [
    { name = "idna" },
    { name = "typing-extensions" },
]
sdist = { url = "https://files.pythonhosted.org/packages/a9/d2/f4d173e22df740bc37b1db102b386ba719b66e95b0f0d751f556b387e6d2/anyio-4.15.1.tar.gz", hash = "sha256:9f28306018cbd6d329e64a36d58256edff76dd996fe423bc957326e578b82a94", size = 276966, upload-time = "2026-09-05T10:42:39.44Z" }
wheels = [
    { url = "https://files.pythonhosted.org/packages/12/b8/4bd346e22b28902df4d651910f5242c28d84e4a5c2435ca5c3f797ed7e2e/anyio-4.15.1-py3-none-any.whl", hash = "sha256:6152fdbbf9a77fdec97731721bebf7c4c44f7c29b424b0065826173efc7ed101", size = 132079, upload-time = "2026-09-05T10:42:37.923Z" },
]

[[package]]
name = "apify-fingerprint-datapoints"
version = "0.15.0"
source = { registry = "https://pypi.org/simple" }
sdist = { url = "https://files.pythonhosted.org/packages/88/3e/d52b92dd3efe64d21b7652cc8b85d6948beef220c24ceaafd95f4d587047/apify_fingerprint_datapoints-0.15.0.tar.gz", hash = "sha256:5776fe73feaa3910265cae55599552b098f3a716d8872c9a0c2295ff2bb680dc", size = 943698, upload-time = "2026-08-05T14:08:57.213Z" }
wheels = [
    { url = "https://files.pythonhosted.org/packages/d9/05/14521197ae61dba29f01dd23264d7457aa402568b92bf3fb89fd12a5d6db/apify_fingerprint_datapoints-0.15.0-py3-none-any.whl", hash = "sha256:fc9299b3136880f47b468897cd00ac622ad2c2a93e9cc9f972d10dbf5ed2b3aa", size = 761805, upload-time = "2026-08-05T14:08:55.518Z" },
]

[[package]]
name = "browserforge"
version = "1.2.4"
source = { registry = "https://pypi.org/simple" }
dependencies = [
    { name = "apify-fingerprint-datapoints" },
    { name = "click" },
]
sdist = { url = "https://files.pythonhosted.org/packages/78/6f/8975af88d203efd70cc69477ebac702babef38201d04621c9583f2508f25/browserforge-1.2.4.tar.gz", hash = "sha256:05686473793769856ebd3528c69071f5be0e511260993e8b2ba839863711a0c4", size = 36700, upload-time = "2026-02-03T02:52:09.721Z" }
wheels = [
    { url = "https://files.pythonhosted.org/packages/dd/35/ce962f738ae28ffce6293e7607b129075633e6bb185a5ab87e49246eedc2/browserforge-1.2.4-py3-none-any.whl", hash = "sha256:fb1c14e62ac09de221dcfc73074200269f697596c642cb200ceaab1127a17542", size = 37890, upload-time = "2026-02-03T02:52:08.745Z" },
]

[[package]]
name = "certifi"
version = "2026.7.22"
source = { registry = "https://pypi.org/simple" }
sdist = { url = "https://files.pythonhosted.org/packages/a3/c2/24167ea9858356b47a87a50d39908bfdb72ceeefe0041586e704e5376b3a/certifi-2026.7.22.tar.gz", hash = "sha256:741e2c3b351ddf169a738da9f2c048608ff7f2c5cc02f1ebc6b118bb090d5d55", size = 138112, upload-time = "2026-07-22T03:35:12.644Z" }
wheels = [
    { url = "https://files.pythonhosted.org/packages/0b/a7/71ac2cff56fec219ed242bb11b8efb69fcc4bec75db06fb7bfe35de520e6/certifi-2026.7.22-py3-none-any.whl", hash = "sha256:62f22742b58a1a33014a2b6b706588a8d7e2a88ae7bd1a6ebe8c992928483775", size = 136983, upload-time = "2026-07-22T03:35:11.276Z" },
]

[[package]]
name = "cffi"
version = "2.1.1"
source = { registry = "https://pypi.org/simple" }
dependencies = [
    { name = "pycparser", marker = "implementation_name != 'PyPy'" },
]
sdist = { url = "https://files.pythonhosted.org/packages/9e/ef/008a1939e372c06329a3fce4279c02f328488f3526744906eeec3da7ad5f/cffi-2.1.1.tar.gz", hash = "sha256:dd31f52ea1086513bb9df30f8fcee9b8918323ae067a3d5b78bc826a000712be", size = 530807, upload-time = "2026-08-03T21:21:18.939Z" }
wheels = [
    { url = "https://files.pythonhosted.org/packages/9d/f4/035513d4117049066b4779dc3b7c0c0fdad175fa13731c9f4003f1cd1478/cffi-2.1.1-cp313-cp313-ios_13_0_arm64_iphoneos.whl", hash = "sha256:b5bdfd1c873d4e093aabc0ca84c4ca6dbc4f752afb5c86f146d9742580c9da2e", size = 194248, upload-time = "2026-08-03T21:19:59.399Z" },
    { url = "https://files.pythonhosted.org/packages/76/af/2aeb4dbb5fc41a04161ae9ff1518de7cec08e164f44a8ce6a4cf7fd2cd1d/cffi-2.1.1-cp313-cp313-ios_13_0_arm64_iphonesimulator.whl", hash = "sha256:31348097ff5bbe827ccc41795d4dd099d9f0625e7def00ee653c137a490c2a6c", size = 196908, upload-time = "2026-08-03T21:20:00.746Z" },
    { url = "https://files.pythonhosted.org/packages/a7/46/2e5fdde8555706dd98139a910ca11be02809f3f605ce956f655d0214e100/cffi-2.1.1-cp313-cp313-macosx_10_15_x86_64.whl", hash = "sha256:9d2055050ea716bd38b7f7f1579c275386646b4894c155a3e2f3cd62ed41b7c6", size = 184805, upload-time = "2026-08-03T21:20:02.02Z" },
    { url = "https://files.pythonhosted.org/packages/55/41/4c7042f317b9217502988f0873af87e16ad606dc20f84e546e3e6ce9764c/cffi-2.1.1-cp313-cp313-macosx_11_0_arm64.whl", hash = "sha256:19ee6127ee34de7d83ce3d371ebc5ed91addbdcc39f9ab15ce4eb35a4e534971", size = 184764, upload-time = "2026-08-03T21:20:03.141Z" },
    { url = "https://files.pythonhosted.org/packages/43/1f/1c3d90d91811c8f86ced9ed637956c54bfe5b79ca98fe976d7f8c8979f6b/cffi-2.1.1-cp313-cp313-manylinux1_i686.manylinux2014_i686.manylinux_2_17_i686.manylinux_2_5_i686.whl", hash = "sha256:6a8dddef476fab96d066d578fc88526767b836ab5ab21754e1d5bf3879c31c7c", size = 214722, upload-time = "2026-08-03T21:20:04.377Z" },
    { url = "https://files.pythonhosted.org/packages/37/6f/3b5ce4c3b2192d250f04908f2bfd91ef34552ec8f7716a5d4abdb8d67bb2/cffi-2.1.1-cp313-cp313-manylinux2014_aarch64.manylinux_2_17_aarch64.whl", hash = "sha256:f16c709686a78c727bbbf059f92b0bf41c6fc60deec706d2dc19f529175a6125", size = 222369, upload-time = "2026-08-03T21:20:05.544Z" },
    { url = "https://files.pythonhosted.org/packages/02/10/4b3c75dde3d9663c9e02ba05c2668b954f671d4bbe346413ca8c696b295a/cffi-2.1.1-cp313-cp313-manylinux2014_ppc64le.manylinux_2_17_ppc64le.whl", hash = "sha256:fcd22650c908d7b7da162bbfaab594a1227a15d1643a98c68b122ac642fa2264", size = 210175, upload-time = "2026-08-03T21:20:06.75Z" },
    { url = "https://files.pythonhosted.org/packages/df/62/14f74b9543e605d17701dc797b815958b8bb70b7624ce1b832ddad48ed6c/cffi-2.1.1-cp313-cp313-manylinux2014_s390x.manylinux_2_17_s390x.whl", hash = "sha256:aa9511c62d14da7aacc9b4bf51f3f697a621e83b2d6919008243c3aad168eea3", size = 208670, upload-time = "2026-08-03T21:20:08.04Z" },
    { url = "https://files.pythonhosted.org/packages/95/95/86342356ff5953b3fb06f7ef7c5bee212d45e770abc7218d451b9148313c/cffi-2.1.1-cp313-cp313-manylinux2014_x86_64.manylinux_2_17_x86_64.whl", hash = "sha256:a931079504ecc49efed7744c476a5c343a92fabf66dec2db95edb1b2fdc770e2", size = 221824, upload-time = "2026-08-03T21:20:09.274Z" },
    { url = "https://files.pythonhosted.org/packages/eb/ff/7b3429ff53aafe931ed8a5fc69f481bbef7ba6de87ddcbb63d08f483f613/cffi-2.1.1-cp313-cp313-musllinux_1_2_aarch64.whl", hash = "sha256:a2d7755bef5a12ed488f4ef1f1b69ee9191d7396083b755a5d2295f6edb4768b", size = 225148, upload-time = "2026-08-03T21:20:10.7Z" },
    { url = "https://files.pythonhosted.org/packages/34/34/a95870b9221e09cf4f2ce3178b1a210abdfe63a1bd357da940418d7b8d15/cffi-2.1.1-cp313-cp313-musllinux_1_2_x86_64.whl", hash = "sha256:e0bcb7e0f677f543555d2adff3bf19c05f66cdb4796e5ff602442ab2fe3c4ef7", size = 223564, upload-time = "2026-08-03T21:20:12.165Z" },
    { url = "https://files.pythonhosted.org/packages/70/ea/839b50531021a647fb5e929f72cf97bc1ff702b5472166164b5b6e76b851/cffi-2.1.1-cp313-cp313-win32.whl", hash = "sha256:334644fbac4eff73d985a17a91226df55d0f394160c4cfb880e084c8f7161cac", size = 175263, upload-time = "2026-08-03T21:20:13.559Z" },
    { url = "https://files.pythonhosted.org/packages/60/a6/8b149b2c3f2e11aaa1618ef64500b45f50f22c57a977a4dff1aff1f91042/cffi-2.1.1-cp313-cp313-win_amd64.whl", hash = "sha256:1aa5645c30469b09530c4ebca77ebf8f17618293c58f8549cb1a543a50236e7d", size = 185688, upload-time = "2026-08-03T21:20:14.69Z" },
    { url = "https://files.pythonhosted.org/packages/01/9a/11f687cb39d6a3504060d5242f04f48c735afb4d3d533958a20594890cb2/cffi-2.1.1-cp313-cp313-win_arm64.whl", hash = "sha256:63bbfd5ded17c4840ac07cd8f1c21ba9d9708141f840b324f422f41b207e3973", size = 180078, upload-time = "2026-08-03T21:20:15.917Z" },
]

[[package]]
name = "click"
version = "8.5.0"
source = { registry = "https://pypi.org/simple" }
sdist = { url = "https://files.pythonhosted.org/packages/c7/0e/7fa0ef50764b67090eca4114772a2abf8b6148198475e54c660b97caeee6/click-8.5.0.tar.gz", hash = "sha256:ba0d2089de75ea0310e2dde03160e6ca10009947fb95a182f9b54021bb272e34", size = 382235, upload-time = "2026-08-26T13:33:14.56Z" }
wheels = [
    { url = "https://files.pythonhosted.org/packages/58/50/6c0d534c5f134586a8e1ba4e330569e32f057e33372ae556463212fb4cd3/click-8.5.0-py3-none-any.whl", hash = "sha256:255bc9599cf7748b4b1a446ccc735421bd08a2ae529a8b88597d3de5664ee360", size = 125251, upload-time = "2026-08-26T13:33:12.928Z" },
]

[[package]]
name = "cssselect"
version = "1.5.0"
source = { registry = "https://pypi.org/simple" }
sdist = { url = "https://files.pythonhosted.org/packages/8e/5a/6d6fcf922709391fac986f0a03ad4546f4f45b94d10aeb6c1ee041599993/cssselect-1.5.0.tar.gz", hash = "sha256:3cbe82dd7acbee9ba9e5723b5f9e4749826912f1fb31cd7f92aabed5fde15b15", size = 47598, upload-time = "2026-07-27T09:17:34.189Z" }
wheels = [
    { url = "https://files.pythonhosted.org/packages/60/e9/6734502f67533a752ea8b1c8f7f227c94eecf300252ba8bf23e3e59d8a36/cssselect-1.5.0-py3-none-any.whl", hash = "sha256:1d1aded98e82bdde447ded990a191fd6916177c4f0c914fb62eccd58e2ffcdcc", size = 20797, upload-time = "2026-07-27T09:17:33.04Z" },
]

[[package]]
name = "curl-cffi"
version = "0.16.3"
source = { registry = "https://pypi.org/simple" }
dependencies = [
    { name = "certifi" },
    { name = "cffi" },
]
sdist = { url = "https://files.pythonhosted.org/packages/82/e1/730125c43e3e331d98e17af3cb310ba526b3f1101b7635ca23d976ebfcf5/curl_cffi-0.16.3.tar.gz", hash = "sha256:d15d0c2a35f2d75bec430c28946c2a833f421c85773bdb0795182cc5c515665b", size = 239020, upload-time = "2026-09-02T11:58:23.266Z" }
wheels = [
    { url = "https://files.pythonhosted.org/packages/79/7a/ec08ef0665c4ef4ea76b47042eb1c043e4afb374d8b9218e00272c9e73a2/curl_cffi-0.16.3-cp310-abi3-macosx_10_9_x86_64.whl", hash = "sha256:0f1f6878863fba393801e4d59b2f2766d1983b5c9d9dfa11d4becfd6a74cc937", size = 3025646, upload-time = "2026-09-02T11:57:39.326Z" },
    { url = "https://files.pythonhosted.org/packages/4c/86/e21b8ed384db26401a4438f20f01c7bcd9c3a6f8ceede458344e2d62775c/curl_cffi-0.16.3-cp310-abi3-macosx_11_0_arm64.whl", hash = "sha256:f3b63da797912bc82911e34dfe449725514e4281527fb516931fc457087cfb44", size = 2784023, upload-time = "2026-09-02T11:57:40.986Z" },
    { url = "https://files.pythonhosted.org/packages/97/2d/25b106e64178829be1ce171b6cd45ba354ab7a2a5169001866b38d4c440f/curl_cffi-0.16.3-cp310-abi3-manylinux2014_aarch64.manylinux_2_17_aarch64.whl", hash = "sha256:d5a4103f2baa1fcf619ec3101b419827d367044ba106b206228137cc71a5a9c5", size = 12834219, upload-time = "2026-09-02T11:57:42.711Z" },
    { url = "https://files.pythonhosted.org/packages/e7/dd/db27a521777d0cf00f9a1554453ae730539dd134bca108d8df256a85c91e/curl_cffi-0.16.3-cp310-abi3-manylinux2014_i686.manylinux_2_17_i686.whl", hash = "sha256:f2795f0ef2e8cc0e6d702e52367af6600f5bcf10e44d683e256254adc7e3589f", size = 12655304, upload-time = "2026-09-02T11:57:45.334Z" },
    { url = "https://files.pythonhosted.org/packages/72/01/2bbf141baa0fc3921d31a90de5465b7a94188845a8fe84dee86bf7bd90f1/curl_cffi-0.16.3-cp310-abi3-manylinux2014_x86_64.manylinux_2_17_x86_64.whl", hash = "sha256:a875a661e2f9a949be29454880bbb9553307a487c4c08819738298cf5c1622e2", size = 13484311, upload-time = "2026-09-02T11:57:47.58Z" },
    { url = "https://files.pythonhosted.org/packages/bb/d4/745ca299a2a223ee18574ec7cff75de620a92ce69b3cb09490db8fba614b/curl_cffi-0.16.3-cp310-abi3-manylinux_2_28_armv7l.manylinux_2_31_armv7l.whl", hash = "sha256:0851e710608122a2716bdee35788bbd7e9d4a0fd42899b2bca9181277095af8e", size = 12840616, upload-time = "2026-09-02T11:57:50.016Z" },
    { url = "https://files.pythonhosted.org/packages/5e/bf/98d72d7a081cc155a71ab66bde6a18640d4ac5d4f6766f729a92cb4257c0/curl_cffi-0.16.3-cp310-abi3-manylinux_2_34_riscv64.manylinux_2_39_riscv64.whl", hash = "sha256:1d7e553442cefec100dfd1fca4ae7035ab6c094457244bf60a38670b8ac8185d", size = 12612602, upload-time = "2026-09-02T11:57:52.584Z" },
    { url = "https://files.pythonhosted.org/packages/36/cf/2fdaff71fd6f39c5994495af8378e6e26bca8e447d94d2f75a76337908c8/curl_cffi-0.16.3-cp310-abi3-musllinux_1_2_aarch64.whl", hash = "sha256:60621b3f561346046dd62be33abfb50c8b88a8007699d6b11d39ad4755312c4a", size = 12588697, upload-time = "2026-09-02T11:57:55.138Z" },
    { url = "https://files.pythonhosted.org/packages/74/55/68c399019bc24ea6ac783c98139a2555f88589631f3d127fe6b9073f019b/curl_cffi-0.16.3-cp310-abi3-musllinux_1_2_x86_64.whl", hash = "sha256:20a7b1b473371cfaf2118958034977e457c6fa279fbd11543c9e0ab58be9eedd", size = 13253555, upload-time = "2026-09-02T11:57:57.524Z" },
    { url = "https://files.pythonhosted.org/packages/9b/72/1732a24ef4a2aeba994b80ec163debe8deda403c07e4abbc0443bca078b8/curl_cffi-0.16.3-cp310-abi3-win_amd64.whl", hash = "sha256:fe87b66e324ed7318166698e02169f3208dbda32b872a27d2bc61a9c19b335eb", size = 1978602, upload-time = "2026-09-02T11:58:00.033Z" },
    { url = "https://files.pythonhosted.org/packages/45/bb/67bec3132aeabac99dfe2f299a9b43dcb5de23ad96219ee98516d177fc9c/curl_cffi-0.16.3-cp310-abi3-win_arm64.whl", hash = "sha256:5a2ba880019f9e5a9e8f38ae22de6e4ea4c8d34a51ae4f1a2fce962c7b632006", size = 1713140, upload-time = "2026-09-02T11:58:01.558Z" },
    { url = "https://files.pythonhosted.org/packages/49/e3/b88f9b1a60a1e29b42e9371c1b3f4fdd83bf8177fcf863df67438da12693/curl_cffi-0.16.3-cp313-cp313-android_24_arm64_v8a.whl", hash = "sha256:01c31369b1c8063c7e459152c508c90de7a4218aa66ee3a1f575ae37ce44bc5a", size = 8607348, upload-time = "2026-09-02T11:58:03.095Z" },
]

[[package]]
name = "greenlet"
version = "3.5.6"
source = { registry = "https://pypi.org/simple" }
sdist = { url = "https://files.pythonhosted.org/packages/3e/6e/0091f175ccd02b02bc8811bbcbcc6ac2e980be116e3b2f7a736ca322bf84/greenlet-3.5.6.tar.gz", hash = "sha256:8e67c43bdfc88d5fee6db0d3e40175b362fc95fb85f0412d233b9b203c53a575", size = 207653, upload-time = "2026-09-14T15:42:51.806Z" }
wheels = [
    { url = "https://files.pythonhosted.org/packages/f1/a1/e720a38852366c589e1a46cf570b886507ad2cf591050c203365638baab0/greenlet-3.5.6-cp313-cp313-macosx_11_0_universal2.whl", hash = "sha256:f96f0e30b5a95c7631b12bfe214cbc90ec8fe8cfa36920596c10514a65743519", size = 294627, upload-time = "2026-09-14T14:24:40.102Z" },
    { url = "https://files.pythonhosted.org/packages/eb/c3/58187858df41354a11e6a55b421e7af9059798abdab3a384cc51b8567c38/greenlet-3.5.6-cp313-cp313-manylinux_2_24_aarch64.manylinux_2_28_aarch64.whl", hash = "sha256:c75116c9de79949de23006e2d9b35ee82874c594fcf5c0311b439acaa14b8441", size = 614356, upload-time = "2026-09-14T15:12:03.399Z" },
    { url = "https://files.pythonhosted.org/packages/ce/b9/3a7e67d5f05c9760b1ad411fa52264bd69cc08e22a2ebfb4018b90628ced/greenlet-3.5.6-cp313-cp313-manylinux_2_24_ppc64le.manylinux_2_28_ppc64le.whl", hash = "sha256:cad5782f93f7f738b62c6527b6f32a60694d924029f299a8b524758cfa53d815", size = 626756, upload-time = "2026-09-14T15:20:44.269Z" },
    { url = "https://files.pythonhosted.org/packages/c6/7c/40400455f5b5a65bb83e94fde66d1be9e5ec518638113f8083ace746c309/greenlet-3.5.6-cp313-cp313-manylinux_2_24_s390x.manylinux_2_28_s390x.whl", hash = "sha256:a93ee7c6e8fd0f8a83525a51bd777be57ee17787e91d805bd8d6faf9dcada18e", size = 632632, upload-time = "2026-09-14T15:25:07.813Z" },
    { url = "https://files.pythonhosted.org/packages/85/cb/ab0c123c514ed4e94c0dc9ee2e86362633e6b998cfc05de7fc9ac2eb9690/greenlet-3.5.6-cp313-cp313-manylinux_2_24_x86_64.manylinux_2_28_x86_64.whl", hash = "sha256:f98e8215e172f567ce80eeaed9107fb4d32b6c44f26983d9b8334658136a205a", size = 623779, upload-time = "2026-09-14T14:36:01.104Z" },
    { url = "https://files.pythonhosted.org/packages/f9/67/1f35cff30a6c51c3f23b63d4afcc7313ab4f97490ba3676fa78178984b27/greenlet-3.5.6-cp313-cp313-manylinux_2_39_riscv64.whl", hash = "sha256:7f731ebac68ea06d628658295cb2d217b10186329fcf9a3b6a149045059bf92e", size = 434933, upload-time = "2026-09-14T15:28:38.858Z" },
    { url = "https://files.pythonhosted.org/packages/a5/26/fda8a5a06e7073333ccb038133c5893b9e0c4fe29d5992a17e83c241bc6e/greenlet-3.5.6-cp313-cp313-musllinux_1_2_aarch64.whl", hash = "sha256:df19e2d0b1620039af5102563fbd96e8938c7f5c3f5828528d641d9fc585525e", size = 1584930, upload-time = "2026-09-14T15:10:08.234Z" },
    { url = "https://files.pythonhosted.org/packages/2f/37/50f8813163148d6234e08b23dcad6a9e37f01d148c8ec976e4c44ea2d918/greenlet-3.5.6-cp313-cp313-musllinux_1_2_x86_64.whl", hash = "sha256:06c0e933290fba8ffe53ead4ae1b8044b0e9754b75cebf381aa2bc3e50d82fac", size = 1647590, upload-time = "2026-09-14T14:35:51.173Z" },
    { url = "https://files.pythonhosted.org/packages/86/da/b7669b09586365654083a62bd0724cf06cb74bd5085a15cdd161271f992f/greenlet-3.5.6-cp313-cp313-win_amd64.whl", hash = "sha256:5b602b4201b965a8354d74e232364a66ff243dd142e350d035f46169bb36e13d", size = 324086, upload-time = "2026-09-14T14:23:48.428Z" },
    { url = "https://files.pythonhosted.org/packages/e5/5d/c9663cfe84a2a9e0aa96f066f5b0594c227ea4c647511e087e2e11d4ac0a/greenlet-3.5.6-cp313-cp313-win_arm64.whl", hash = "sha256:876077e7ebb8c84ed068e2b23d4c62ebb010d60df84b9591af1be2f39010ffb2", size = 308211, upload-time = "2026-09-14T14:28:01.634Z" },
]

[[package]]
name = "idna"
version = "3.20"
source = { registry = "https://pypi.org/simple" }
sdist = { url = "https://files.pythonhosted.org/packages/f5/08/8eea9d4b8302028f3abb2c0813953f7aec26d33b7a8960ed760e65ff29fa/idna-3.20.tar.gz", hash = "sha256:a7db850025b95ded1eae8a46181a1a6c56c92c96f0e2b005d9ff8dc0210cab44", size = 216463, upload-time = "2026-09-17T14:11:04.752Z" }
wheels = [
    { url = "https://files.pythonhosted.org/packages/58/a2/bb081bab032533a855d44de1d56f8e8426114ff1ba5d1f07a438a0a654f8/idna-3.20-py3-none-any.whl", hash = "sha256:ab7ae7122974553370f0bdb919e1a960b2cd1bc1ef0276416d896db81c14582c", size = 69583, upload-time = "2026-09-17T14:11:03.168Z" },
]

[[package]]
name = "lxml"
version = "6.1.3"
source = { registry = "https://pypi.org/simple" }
sdist = { url = "https://files.pythonhosted.org/packages/23/ad/28ecd7cb894d172f3c9c80a075eeeb2017ac62e3632cee05a5f9493547eb/lxml-6.1.3.tar.gz", hash = "sha256:45222d94ddd511536f3b2f7d9deae3b2339b4ce0f075f1ca25703b07cad9dd21", size = 4211198, upload-time = "2026-09-02T14:48:02.287Z" }
wheels = [
    { url = "https://files.pythonhosted.org/packages/52/05/3ef45db776baea068044c799bbba68f3ca00a440c0e930a17c572f3d9639/lxml-6.1.3-cp313-cp313-macosx_10_13_universal2.whl", hash = "sha256:3a48093cdb058a93af842ede9703520e810b05dcd0fc6d7190a06376c3bfb6bd", size = 8590357, upload-time = "2026-09-02T14:48:17.413Z" },
    { url = "https://files.pythonhosted.org/packages/8c/a5/eee2fc77eee5ea68e4a4334b1def1781a3beaeefd3d98e81b4a38dc447b7/lxml-6.1.3-cp313-cp313-macosx_10_13_x86_64.whl", hash = "sha256:887c021d9a977cff89cb273047c1352997b772a8908a25c21836861f69b92be1", size = 4632616, upload-time = "2026-09-02T14:48:20.745Z" },
    { url = "https://files.pythonhosted.org/packages/35/42/df27b56848acd29d8a720acc28977911aab36f2a09df4208d5502e887415/lxml-6.1.3-cp313-cp313-manylinux2014_aarch64.manylinux_2_17_aarch64.whl", hash = "sha256:611a51e61c92f62345a50b0035df6fc0d678f9299f33728826d831598862f59d", size = 4936186, upload-time = "2026-09-02T14:48:22.94Z" },
    { url = "https://files.pythonhosted.org/packages/ab/8d/8a7b91df0b54d09d25f5f44885d6b3e0a6d6643a8c070191580318d20c42/lxml-6.1.3-cp313-cp313-manylinux2014_x86_64.manylinux_2_17_x86_64.whl", hash = "sha256:b477912f42c5c33405a10c759d22f80cf5af043ae02d95b9d8e5e5bc555739ed", size = 5093324, upload-time = "2026-09-02T14:48:25.132Z" },
    { url = "https://files.pythonhosted.org/packages/c6/7e/8f340ddcd43790332fb0de8a26628d571a492da3300cd191821698407c96/lxml-6.1.3-cp313-cp313-manylinux_2_26_aarch64.manylinux_2_28_aarch64.whl", hash = "sha256:5cffe18571ccc51d742cd08cbb3f8b756de9311d18c7ea98f5d92f37b8fb60c2", size = 4998850, upload-time = "2026-09-02T14:48:27.394Z" },
    { url = "https://files.pythonhosted.org/packages/c5/c1/9c5bb572f1f09ec9e4322bd4a4e9f4ad48347fc56ef94cf4df58a5279dc8/lxml-6.1.3-cp313-cp313-manylinux_2_26_ppc64le.manylinux_2_28_ppc64le.whl", hash = "sha256:75cc6569e86be5785b6188ef1642670c6adbc984e81ec35e224842ecd9eefcc8", size = 5626813, upload-time = "2026-09-02T14:48:29.61Z" },
    { url = "https://files.pythonhosted.org/packages/ac/7d/8bf1fd8bae8247743968bb76d027a1ac5bd2c4b44495fba6a71b30d10706/lxml-6.1.3-cp313-cp313-manylinux_2_26_x86_64.manylinux_2_28_x86_64.whl", hash = "sha256:d85dfab42dd672f87a7f76e9de7172962aee69fa12044f0d6e1a23cbd53fb80e", size = 5232385, upload-time = "2026-09-02T14:48:31.969Z" },
    { url = "https://files.pythonhosted.org/packages/7b/2e/6cef69ed81cb7df0d03b0dd09d08e6e2cf5061a743ff6f42f0b741548e9b/lxml-6.1.3-cp313-cp313-manylinux_2_28_i686.whl", hash = "sha256:42632b4024ab24a6b488f559ac851312509888b6b80ae2aa11cf29a646a0d245", size = 5347088, upload-time = "2026-09-02T14:48:34.13Z" },
    { url = "https://files.pythonhosted.org/packages/5f/e1/8e5fd8ddc8c7d685badb0f2db149e3c9da84eefc2827c01c658df2c4e3cb/lxml-6.1.3-cp313-cp313-manylinux_2_31_armv7l.whl", hash = "sha256:febd35ef45f603c2d74b74655efdbf45e14f55fc0aef4ac82b663ca829b283e0", size = 4707227, upload-time = "2026-09-02T14:48:36.62Z" },
    { url = "https://files.pythonhosted.org/packages/7a/7e/00041382a11be40a88bf405ebff11c8efabd3de79f2691e1638b1c47a8a0/lxml-6.1.3-cp313-cp313-manylinux_2_38_riscv64.manylinux_2_39_riscv64.whl", hash = "sha256:a43b3bdf11e477dc7770609d3477316f974354dfc8425d596f64f471cc8daf6e", size = 5240208, upload-time = "2026-09-02T14:48:38.893Z" },
    { url = "https://files.pythonhosted.org/packages/fd/fe/316538b5cff0936fa63d45d421c655730fcbb5a28dcac728c175083002bc/lxml-6.1.3-cp313-cp313-musllinux_1_2_aarch64.whl", hash = "sha256:5d582042c69857c364e8153de6e18e0da9b7b515a6a8113caf69a6ec8e0520f2", size = 5050271, upload-time = "2026-09-02T14:48:41.213Z" },
    { url = "https://files.pythonhosted.org/packages/c9/91/455bcccb3ac725373007344d351151810cd19762d1673b64b811f4359a42/lxml-6.1.3-cp313-cp313-musllinux_1_2_armv7l.whl", hash = "sha256:8e49a646acfab83c68974f4aa1d0a2acca9e88d7d627ae0fc13201b14b76d310", size = 4780433, upload-time = "2026-09-02T14:48:43.779Z" },
    { url = "https://files.pythonhosted.org/packages/cb/f6/580440e2f52cf00bba5c5e1080bfa88cdfcde73be71a11d95170ddbb663f/lxml-6.1.3-cp313-cp313-musllinux_1_2_ppc64le.whl", hash = "sha256:0dee106e9aa97fb00541b1ed7827070564d0549c3d3fba8920e6b20fd980f748", size = 5645928, upload-time = "2026-09-02T14:48:46.187Z" },
    { url = "https://files.pythonhosted.org/packages/f6/dc/d123c1f244306543d545f62443f794959e4f1ea709fe100f8740d514e74a/lxml-6.1.3-cp313-cp313-musllinux_1_2_riscv64.whl", hash = "sha256:dd5e90f34cffcfed97f36cf066325773d2b6021c60c29942e53a18b028501b1d", size = 5231184, upload-time = "2026-09-02T14:48:48.691Z" },
    { url = "https://files.pythonhosted.org/packages/c3/3c/fe55b2bd5c6113c906511cd88f6a470195c5fbff1124f19970ab706c3477/lxml-6.1.3-cp313-cp313-musllinux_1_2_x86_64.whl", hash = "sha256:d9b3e7d71bf6acff341233417abbdface29c647e3113892d9aaedc02eb4aa2bc", size = 5255814, upload-time = "2026-09-02T14:48:50.948Z" },
    { url = "https://files.pythonhosted.org/packages/e7/a7/485df55acf55dc35e4ca89d2f48f03889e5a3241826b18b85102b32ce9d8/lxml-6.1.3-cp313-cp313-win32.whl", hash = "sha256:160fcf381f76c3aeac28a756bec44f48942a8f7245a87aa28e3a523b4d90cd87", size = 3602214, upload-time = "2026-09-02T14:48:53.236Z" },
    { url = "https://files.pythonhosted.org/packages/c0/28/e46a7702bd95e9043291f7c3539b6184cba66f96cea9936f20939b284eeb/lxml-6.1.3-cp313-cp313-win_amd64.whl", hash = "sha256:e477aca0bc0d19f3b4ae9e4f2a1cfd687c31bf772d78734910658186b40b2477", size = 4004091, upload-time = "2026-09-02T14:48:55.699Z" },
    { url = "https://files.pythonhosted.org/packages/8a/1d/154c78e20479a43916e63f19cb720d83f44f024b03228be44c92d9a97b24/lxml-6.1.3-cp313-cp313-win_arm64.whl", hash = "sha256:b1cc980905221a5d8b3c476330730b3adb40ff80add71ffbdb6215ba055656f1", size = 3665468, upload-time = "2026-09-02T14:48:57.703Z" },
]

[[package]]
name = "msgspec"
version = "0.21.1"
source = { registry = "https://pypi.org/simple" }
sdist = { url = "https://files.pythonhosted.org/packages/e3/60/f79b9b013a16fa3a58350c9295ddc6789f2e335f36ea61ed10a21b215364/msgspec-0.21.1.tar.gz", hash = "sha256:2313508e394b0d208f8f56892ca9b2799e2561329de9763b19619595a6c0f72c", size = 319193, upload-time = "2026-04-12T21:44:50.394Z" }
wheels = [
    { url = "https://files.pythonhosted.org/packages/7e/74/f11ede02839b19ff459f88e3145df5d711626ca84da4e23520cebf819367/msgspec-0.21.1-cp313-cp313-macosx_10_13_x86_64.whl", hash = "sha256:764173717a01743f007e9f74520ed281f24672c604514f7d76c1c3a10e8edb66", size = 196176, upload-time = "2026-04-12T21:44:17.613Z" },
    { url = "https://files.pythonhosted.org/packages/bb/40/4476c1bd341418a046c4955aff632ec769315d1e3cb94e6acf86d461f9ed/msgspec-0.21.1-cp313-cp313-macosx_11_0_arm64.whl", hash = "sha256:344c7cd0eaed1fb81d7959f99100ef71ec9b536881a376f11b9a6c4803365697", size = 188524, upload-time = "2026-04-12T21:44:18.815Z" },
    { url = "https://files.pythonhosted.org/packages/ca/d9/9e9d7d7e5061b47540d03d640fab9b3965ba7ae49c1b2154861c8f007518/msgspec-0.21.1-cp313-cp313-manylinux2014_aarch64.manylinux_2_17_aarch64.manylinux_2_28_aarch64.whl", hash = "sha256:48943e278b3854c2f89f955ddc6f9f430d3f0784b16e47d10604ee0463cd21f5", size = 218880, upload-time = "2026-04-12T21:44:20.028Z" },
    { url = "https://files.pythonhosted.org/packages/74/66/2bb344f34abb4b57e60c7c9c761994e0417b9718ec1460bf00c296f2a7ea/msgspec-0.21.1-cp313-cp313-manylinux2014_x86_64.manylinux_2_17_x86_64.manylinux_2_28_x86_64.whl", hash = "sha256:a9aa659ebb0101b1cbc31461212b87e341d961f0ab0772aaf068a99e001ec4aa", size = 225050, upload-time = "2026-04-12T21:44:21.577Z" },
    { url = "https://files.pythonhosted.org/packages/1a/84/7c1e412f76092277bf760cef12b7979d03314d259ab5b5cafde5d0c1722d/msgspec-0.21.1-cp313-cp313-musllinux_1_2_aarch64.whl", hash = "sha256:f7b27d1a8ead2b6f5b0c4f2d07b8be1ccfcc041c8a0e704781edebe3ae13c484", size = 222713, upload-time = "2026-04-12T21:44:22.83Z" },
    { url = "https://files.pythonhosted.org/packages/4e/27/0bba04b2b4ef05f3d068429410bc71d2cea925f1596a8f41152cccd5edb8/msgspec-0.21.1-cp313-cp313-musllinux_1_2_x86_64.whl", hash = "sha256:38fe93e86b61328fe544cb7fd871fad5a27c8734bfda90f65e5dbe288ae50f61", size = 227259, upload-time = "2026-04-12T21:44:24.11Z" },
    { url = "https://files.pythonhosted.org/packages/b0/2d/09574b0eea02fed2c2c1383dbaae2c7f79dc16dcd6487a886000afb5d7c4/msgspec-0.21.1-cp313-cp313-win_amd64.whl", hash = "sha256:8bc666331c35fcce05a7cd2d6221adbe0f6058f8e750711413d22793c080ac6a", size = 189857, upload-time = "2026-04-12T21:44:25.359Z" },
    { url = "https://files.pythonhosted.org/packages/46/34/105b1576ad182879914f0c821f17ee1d13abb165cb060448f96fe2aff078/msgspec-0.21.1-cp313-cp313-win_arm64.whl", hash = "sha256:42bb1241e0750c1a4346f2aa84db26c5ffd99a4eb3a954927d9f149ff2f42898", size = 175403, upload-time = "2026-04-12T21:44:26.608Z" },
]

[[package]]
name = "orjson"
version = "3.12.0"
source = { registry = "https://pypi.org/simple" }
sdist = { url = "https://files.pythonhosted.org/packages/0f/f3/742fb1f62b825f2c010697eaf4e828004bc2a81e7e806666989c132c7c42/orjson-3.12.0.tar.gz", hash = "sha256:d14203fb1aae2ad9b3d52f8a0e82aeb10197ef1c9bc61da7f358bd70b00123d5", size = 4142915, upload-time = "2026-08-14T16:13:30.607Z" }
wheels = [
    { url = "https://files.pythonhosted.org/packages/54/cb/d7b78218a987eb8a8ce4eeae0286b1bb679333eb631ea0eeaf6371680bfc/orjson-3.12.0-cp313-cp313-macosx_10_15_x86_64.macosx_11_0_arm64.macosx_10_15_universal2.whl", hash = "sha256:9a36ec60f1796f9a3f13e3b98390295e17a1c7c10155b448d264098bf9ee5900", size = 223397, upload-time = "2026-08-14T16:12:44.003Z" },
    { url = "https://files.pythonhosted.org/packages/f8/4a/bc87c45e7ec639d35ebefd62618e01939531ac8e171426606a01bda05914/orjson-3.12.0-cp313-cp313-macosx_15_0_arm64.whl", hash = "sha256:ad0422b92d5195443a39f80c3bcf731cc2e00f153bd32063a47b73b057bd0f03", size = 123662, upload-time = "2026-08-14T16:12:45.433Z" },
    { url = "https://files.pythonhosted.org/packages/94/ee/c9a4ff3f2dbedbbe9e635d0fa72c8866adede09b6335ef9644f53752f0d8/orjson-3.12.0-cp313-cp313-manylinux2014_armv7l.manylinux_2_17_armv7l.whl", hash = "sha256:5a0fdbc216388f653d3752ff310e710f59253bd4ed6a2bfb3f4f06b84714bbd8", size = 113374, upload-time = "2026-08-14T16:12:46.755Z" },
    { url = "https://files.pythonhosted.org/packages/75/09/3f330a026a796c8b4c97a6f429652a5e912e7065039bf96ed25e42aa7b25/orjson-3.12.0-cp313-cp313-manylinux2014_i686.manylinux_2_17_i686.whl", hash = "sha256:2eb5c56e534127b2b8fa38d2363c8b1b8190367ee0d1d16c041517d880843b94", size = 130029, upload-time = "2026-08-14T16:12:48.06Z" },
    { url = "https://files.pythonhosted.org/packages/7d/40/094cc53126a3d22f76cdf83b6ea67338bed01d774037621a785aa8e6e5ea/orjson-3.12.0-cp313-cp313-manylinux_2_17_aarch64.manylinux2014_aarch64.whl", hash = "sha256:784106539f4b9d4b930e0b4eb8d45168507dae001945e71b4675a367f1e5e806", size = 130528, upload-time = "2026-08-14T16:12:49.362Z" },
    { url = "https://files.pythonhosted.org/packages/bc/74/89bb236deb9565f99434b13052bb40ddfcce4adf3afbfa3132ee7e421468/orjson-3.12.0-cp313-cp313-manylinux_2_17_x86_64.manylinux2014_x86_64.whl", hash = "sha256:1c680706fc8396d95e7c4c1f9482563f552137aef91b57237a3ad5aaf64629df", size = 131075, upload-time = "2026-08-14T16:12:50.692Z" },
    { url = "https://files.pythonhosted.org/packages/0c/ac/1176360d762c01b5bd34acd56fc098e936c491363d8b6b397ad4aa475547/orjson-3.12.0-cp313-cp313-musllinux_1_2_aarch64.whl", hash = "sha256:83445adc40cba26d6d621185a45128ce455b766af368cad2ab64b970603a7978", size = 135321, upload-time = "2026-08-14T16:12:52.114Z" },
    { url = "https://files.pythonhosted.org/packages/7a/02/bbd881c8b9276d50b998de38b4e97de8ace1aac940b0ee545aedbf65ed00/orjson-3.12.0-cp313-cp313-musllinux_1_2_x86_64.whl", hash = "sha256:644d005bc82f917337a95ce270c9f6f92f9834c2bed7b1477572f8db00784222", size = 127472, upload-time = "2026-08-14T16:12:53.517Z" },
    { url = "https://files.pythonhosted.org/packages/8e/02/a0934d7503e6dcbedd6afac3e7f3f8597fd09389949ad94d0f7540e9dbca/orjson-3.12.0-cp313-cp313-win32.whl", hash = "sha256:d8e78d3d93705e3d27cc17cdb209e44d7a8ea203010cac6ce9c7ffc1ae1996f1", size = 128000, upload-time = "2026-08-14T16:12:55.14Z" },
    { url = "https://files.pythonhosted.org/packages/52/87/69f98f8d40faff103a965a5fbb83f08241b01beaf92badb5413fbc9358cc/orjson-3.12.0-cp313-cp313-win_amd64.whl", hash = "sha256:b85931be5b6763c31283805c9bdaae1ca03ad9f6f12a15f1cbf6745b907932c2", size = 121841, upload-time = "2026-08-14T16:12:56.507Z" },
    { url = "https://files.pythonhosted.org/packages/e6/07/b83046a4e3cadcc0987d0f160696107c4af706a619b56e4ad01940cadadf/orjson-3.12.0-cp313-cp313-win_arm64.whl", hash = "sha256:6a31348d7dfa64cd9c78bd1f510ff44c48fe64d71094e6b90e364dba3b55949e", size = 126765, upload-time = "2026-08-14T16:12:57.806Z" },
]

[[package]]
name = "patchright"
version = "1.62.3"
source = { registry = "https://pypi.org/simple" }
dependencies = [
    { name = "greenlet" },
    { name = "pyee" },
]
wheels = [
    { url = "https://files.pythonhosted.org/packages/9f/ac/990b4d42a1b8a2827b80a19be29ed4976ef52dfde56fa2eaac638b57957f/patchright-1.62.3-py3-none-macosx_10_13_x86_64.whl", hash = "sha256:5d9e45c300b72ebc90cc9434da4e06222fdcad18ba473bd6859169421bf37fe3", size = 43724986, upload-time = "2026-09-02T22:11:54.543Z" },
    { url = "https://files.pythonhosted.org/packages/13/60/58a84797867c3404e715d4beb0e393c8643c34b4b54a52870d1fc5a1a32d/patchright-1.62.3-py3-none-macosx_11_0_arm64.whl", hash = "sha256:4bdbe4e0ff224d02b27f154040049d30f4bbabe39f511910c3aa846d04d997ae", size = 42503735, upload-time = "2026-09-02T22:11:57.71Z" },
    { url = "https://files.pythonhosted.org/packages/40/34/77e52d126ef36defbd9bce5b1ec8096fcfc4bc5cfe5afb3c46b4a1033a82/patchright-1.62.3-py3-none-macosx_11_0_universal2.whl", hash = "sha256:88edcf3d04eb4ab7f041cf92a28e0e2f00ad8ef24fc3d2b4ea134000b9474185", size = 43724986, upload-time = "2026-09-02T22:12:00.977Z" },
    { url = "https://files.pythonhosted.org/packages/c7/c6/2e78216dd206aa7c4031432162962881c3abd7b1f246cf5ec0ad445da426/patchright-1.62.3-py3-none-manylinux1_x86_64.whl", hash = "sha256:d652b4e5f3a7cc8e8d9e896d1c95853feeb99bcd63ac9439538cf9a752a6c82c", size = 47741822, upload-time = "2026-09-02T22:12:04.412Z" },
    { url = "https://files.pythonhosted.org/packages/86/d6/78af3bfff6c778a94f9d76ba70eb5b85d9ea67e280bf2008c9d9c6559224/patchright-1.62.3-py3-none-manylinux_2_17_aarch64.manylinux2014_aarch64.whl", hash = "sha256:f6453c3a5067d44608ff08727c2ad5c5c3305d577162934bcbfa609a78ec5fe7", size = 47434317, upload-time = "2026-09-02T22:12:07.255Z" },
    { url = "https://files.pythonhosted.org/packages/64/51/4a117b30fb1ed480a173580b4ea82267d2d10b38bc0e43c1a8d0cec2dcf3/patchright-1.62.3-py3-none-win32.whl", hash = "sha256:f70d0672a551e5a8b9f36a823ccc47361667cdbdb85c77205555a0450fa4149d", size = 38157354, upload-time = "2026-09-02T22:12:09.92Z" },
    { url = "https://files.pythonhosted.org/packages/c7/b7/6aefc1767deed5f0dbac23fc35bb23b370f0db77968923af07708caa3947/patchright-1.62.3-py3-none-win_amd64.whl", hash = "sha256:ccca9f1fa9fc4e9cdc2cdd784d4bb0e992e83defaec60e5a5d2d31cad9bd785a", size = 38157362, upload-time = "2026-09-02T22:12:13.123Z" },
    { url = "https://files.pythonhosted.org/packages/a8/6d/52b9365d6dc8582af1e94af88dbc4c8d1ebd03feecd5d0acafb6fcfc0f60/patchright-1.62.3-py3-none-win_arm64.whl", hash = "sha256:22c50ef98b192000a8501bbf1a1e188660b5b63b626c4efce5fafe71dc8d27bf", size = 34201773, upload-time = "2026-09-02T22:12:16.348Z" },
]

[[package]]
name = "playwright"
version = "1.63.0"
source = { registry = "https://pypi.org/simple" }
dependencies = [
    { name = "greenlet" },
    { name = "pyee" },
]
wheels = [
    { url = "https://files.pythonhosted.org/packages/19/dd/fbb3d34228ad753bc14464d5f2252585b73367539775a88d0a3949cf5a45/playwright-1.63.0-py3-none-macosx_10_13_x86_64.whl", hash = "sha256:84c540759e8e7f01e690e197e04060f48899d37cea322299f255843273d3385d", size = 44278407, upload-time = "2026-09-15T16:49:06.045Z" },
    { url = "https://files.pythonhosted.org/packages/f5/9a/948b930b1a8c4ee869e5a139a2b7747caa06aab56a3f09a2f0abdcbda221/playwright-1.63.0-py3-none-macosx_11_0_arm64.whl", hash = "sha256:fd1aa00631d44d55e56e0975bf3f3f285fac4a9fd2813183f0c12a488f1a1b24", size = 42944679, upload-time = "2026-09-15T16:49:10.039Z" },
    { url = "https://files.pythonhosted.org/packages/94/11/dc5c13fa1602371603acd461be47529c1b3513815d3a0dc98f642c291a10/playwright-1.63.0-py3-none-macosx_11_0_universal2.whl", hash = "sha256:c89fc4736502a1f0fac2c8ca5d10c0cbc1c669f1f4774a2d8507a43140e4d53f", size = 44278410, upload-time = "2026-09-15T16:49:13.861Z" },
    { url = "https://files.pythonhosted.org/packages/27/9c/103a5037789062bdab27c7dca53f3ca6b075b572ab2cd96eec825b3aec4e/playwright-1.63.0-py3-none-manylinux1_x86_64.whl", hash = "sha256:ad21bc07516b187965a7521c5cf0df0bd657b17482eaad74335272d35a2b07de", size = 48217159, upload-time = "2026-09-15T16:49:17.404Z" },
    { url = "https://files.pythonhosted.org/packages/f3/82/3d85505284c5a210f2da6c07b8f757524e79d1fba9cfdafe1eafb766ae59/playwright-1.63.0-py3-none-manylinux_2_17_aarch64.manylinux2014_aarch64.whl", hash = "sha256:354e15b29503565fc598b89f16fbe070459343bef9d7498a93e304864000c6a7", size = 47902708, upload-time = "2026-09-15T16:49:21.055Z" },
    { url = "https://files.pythonhosted.org/packages/69/8d/f74ff6b52751859f4b69caf66aa7d4a3c8d6c1f0c7dc9920da103612ee39/playwright-1.63.0-py3-none-win32.whl", hash = "sha256:660c00c62639e31b16700ba5456b351ddba55bb766b7ce8261223aa34928e482", size = 38606075, upload-time = "2026-09-15T16:49:29.546Z" },
    { url = "https://files.pythonhosted.org/packages/76/eb/d6b8d92658038e260dbc7dd69fb3fdbe245aac283953de8b50b02bfe5f61/playwright-1.63.0-py3-none-win_amd64.whl", hash = "sha256:2f9a707a6c6c91157ed77bff2b8caeb04b3c8d46e70d585fc134298cbe4b5cc6", size = 38606082, upload-time = "2026-09-15T16:49:32.838Z" },
    { url = "https://files.pythonhosted.org/packages/be/75/2432b3e3c7c62103b72d4c4cc8b16a56383ada372bbb0d1278591e988f71/playwright-1.63.0-py3-none-win_arm64.whl", hash = "sha256:1e4a3a838ce22fb68ad17193fcd142a19610d9d70fb9966d2239f5dddc0cc05b", size = 34523554, upload-time = "2026-09-15T16:49:36.455Z" },
]

[[package]]
name = "protego"
version = "0.6.2"
source = { registry = "https://pypi.org/simple" }
sdist = { url = "https://files.pythonhosted.org/packages/7d/1b/6b0ee60bb1561843bfc62f5c7c3cb1ef6147b47e829a5fd6b7fcd2752471/protego-0.6.2.tar.gz", hash = "sha256:88ff004544ce44e61269cc6f8735f7837d12e09bb77619fc94fbb26b72e5d137", size = 3137854, upload-time = "2026-06-25T09:33:16.361Z" }
wheels = [
    { url = "https://files.pythonhosted.org/packages/61/10/cbd3c06603bb8b3e0e871df24ee793a6e3b53d8c4cc8763f1b8b936649aa/protego-0.6.2-py3-none-any.whl", hash = "sha256:714de21d82527c9be900066c3211b266985dd6a19b6e70c57e033fc1a589f3ff", size = 10296, upload-time = "2026-06-25T09:33:14.771Z" },
]

[[package]]
name = "pycparser"
version = "3.0"
source = { registry = "https://pypi.org/simple" }
sdist = { url = "https://files.pythonhosted.org/packages/1b/7d/92392ff7815c21062bea51aa7b87d45576f649f16458d78b7cf94b9ab2e6/pycparser-3.0.tar.gz", hash = "sha256:600f49d217304a5902ac3c37e1281c9fe94e4d0489de643a9504c5cdfdfc6b29", size = 103492, upload-time = "2026-01-21T14:26:51.89Z" }
wheels = [
    { url = "https://files.pythonhosted.org/packages/0c/c3/44f3fbbfa403ea2a7c779186dc20772604442dde72947e7d01069cbe98e3/pycparser-3.0-py3-none-any.whl", hash = "sha256:b727414169a36b7d524c1c3e31839a521725078d7b2ff038656844266160a992", size = 48172, upload-time = "2026-01-21T14:26:50.693Z" },
]

[[package]]
name = "pyee"
version = "13.0.1"
source = { registry = "https://pypi.org/simple" }
dependencies = [
    { name = "typing-extensions" },
]
sdist = { url = "https://files.pythonhosted.org/packages/8b/04/e7c1fe4dc78a6fdbfd6c337b1c3732ff543b8a397683ab38378447baa331/pyee-13.0.1.tar.gz", hash = "sha256:0b931f7c14535667ed4c7e0d531716368715e860b988770fc7eb8578d1f67fc8", size = 31655, upload-time = "2026-02-14T21:12:28.044Z" }
wheels = [
    { url = "https://files.pythonhosted.org/packages/a0/c4/b4d4827c93ef43c01f599ef31453ccc1c132b353284fc6c87d535c233129/pyee-13.0.1-py3-none-any.whl", hash = "sha256:af2f8fede4171ef667dfded53f96e2ed0d6e6bd7ee3bb46437f77e3b57689228", size = 15659, upload-time = "2026-02-14T21:12:26.263Z" },
]

[[package]]
name = "ruff"
version = "0.16.8"
source = { registry = "https://pypi.org/simple" }
sdist = { url = "https://files.pythonhosted.org/packages/ba/78/449cb84790bd5cc3823b2652ee405a4558856e5c4195aee3a16bf7b3eb5d/ruff-0.16.8.tar.gz", hash = "sha256:9247bf92b5f04d825c8639a4fe423ec2e4222acd9222e58412b0dab7e442798b", size = 4938814, upload-time = "2026-09-16T15:54:46.688Z" }
wheels = [
    { url = "https://files.pythonhosted.org/packages/ac/25/6071aabc530e9be7e2c195e8fe3f7aea2735405b6cf447212832d7811831/ruff-0.16.8-py3-none-linux_armv6l.whl", hash = "sha256:6ffbd6d87383c1edf5f6fa890f10200950240d7c1a16052a19a09d3a2307dd38", size = 10048966, upload-time = "2026-09-16T15:53:57.605Z" },
    { url = "https://files.pythonhosted.org/packages/54/98/07f90ecbc74dd5fb5764f11f2bc774d6a7cffef92d2ff5f5b4e9e23c754e/ruff-0.16.8-py3-none-macosx_10_12_x86_64.whl", hash = "sha256:42ed6b878ed61e3acca92f2730a17acff39286944ea82398544696366a6f925e", size = 10165498, upload-time = "2026-09-16T15:54:01.14Z" },
    { url = "https://files.pythonhosted.org/packages/fe/1f/e6a712e3b47cad4a40600134105ed193cb773f618a42eb7ba323cb812cc0/ruff-0.16.8-py3-none-macosx_11_0_arm64.whl", hash = "sha256:7ea781c7f2afba8c6a505ea0fb3f994020249e0c450635f5381286fea6b46170", size = 9830004, upload-time = "2026-09-16T15:54:03.998Z" },
    { url = "https://files.pythonhosted.org/packages/23/f2/311a08776d75d81c7676e20b6b020ae63cbe881fcdc7a8dd64e6e18bdd93/ruff-0.16.8-py3-none-manylinux_2_17_aarch64.manylinux2014_aarch64.whl", hash = "sha256:8efeae3bbe414a5efefda11a792dfb51ef90ac48d50c4830de2f644caf3e8659", size = 9986558, upload-time = "2026-09-16T15:54:06.804Z" },
    { url = "https://files.pythonhosted.org/packages/f3/ed/37b6cb3d3ba8c73e68ae3eb1d502383beb5aa05a582bb7bb3a922f929f54/ruff-0.16.8-py3-none-manylinux_2_17_armv7l.manylinux2014_armv7l.whl", hash = "sha256:3a79b795469fef7fc6e908b218eed2eb17332afd85031db6480dc864560e69b2", size = 9877332, upload-time = "2026-09-16T15:54:09.552Z" },
    { url = "https://files.pythonhosted.org/packages/22/cc/40873a8f36ad084cc540d55fcca7077264d5b13b24659e9180c176fb2b08/ruff-0.16.8-py3-none-manylinux_2_17_i686.manylinux2014_i686.whl", hash = "sha256:3fdc5563cdc50555e6fba39322850860e9267c1b3d12c26a74729d8604c3c812", size = 10507125, upload-time = "2026-09-16T15:54:12.152Z" },
    { url = "https://files.pythonhosted.org/packages/c3/e4/fc91a642b78ccbab6b9477720f3644ae7a10a9bcce69a934679cd64f62bc/ruff-0.16.8-py3-none-manylinux_2_17_ppc64le.manylinux2014_ppc64le.whl", hash = "sha256:34508983c70665578dab88f5223d8e6228307e1135398ca8bfc8b7e9501e282b", size = 11336694, upload-time = "2026-09-16T15:54:15.489Z" },
    { url = "https://files.pythonhosted.org/packages/c2/3d/bbd2a9a600a4e73dc3e7548a249c8d1671273464b55822c6fae50f602dff/ruff-0.16.8-py3-none-manylinux_2_17_s390x.manylinux2014_s390x.whl", hash = "sha256:644bb578569e0ffc575741232bd385dacdd6fbe123f1a729e7a225f54aa3957f", size = 10774448, upload-time = "2026-09-16T15:54:18.16Z" },
    { url = "https://files.pythonhosted.org/packages/1a/41/d83af9879a7b6e8bf5fe16b1da0b134049d2f5d3afac12defb0897cb84bd/ruff-0.16.8-py3-none-manylinux_2_17_x86_64.manylinux2014_x86_64.whl", hash = "sha256:15e7d226246961db9235098333caa13063906d3851136b84c2900b82f5daa1df", size = 10323796, upload-time = "2026-09-16T15:54:20.743Z" },
    { url = "https://files.pythonhosted.org/packages/f5/2c/cefd07bfe914b84943ea769ade8d607bd22750b965d3228eefd7cebd15d0/ruff-0.16.8-py3-none-manylinux_2_31_riscv64.whl", hash = "sha256:a2bf6bc3e9ebdd4449abc6f06cf64b98051a2c61cf94d2fe9596518c881f1a1e", size = 10514115, upload-time = "2026-09-16T15:54:23.497Z" },
    { url = "https://files.pythonhosted.org/packages/f3/9d/76a2e26c79a23be6e6e3664c57bec9e9fc8de155cfb9e4b67ea91b64f9d7/ruff-0.16.8-py3-none-musllinux_1_2_aarch64.whl", hash = "sha256:6ca111ba0849539165e9e59d2b442542f3c1e8060ebbdea82494f1ffbccb1e1f", size = 10072582, upload-time = "2026-09-16T15:54:26.185Z" },
    { url = "https://files.pythonhosted.org/packages/2e/d4/f42edddb39668af1a559ceafa3823aedd65633a48dc9768e775485faa2c1/ruff-0.16.8-py3-none-musllinux_1_2_armv7l.whl", hash = "sha256:359a1e5b495448ee1e91018064382ebc86f90e8aac2fed222c7d0e4e8df85fd2", size = 9879644, upload-time = "2026-09-16T15:54:29.278Z" },
    { url = "https://files.pythonhosted.org/packages/f8/d4/913e3195d95e0378786c6656945c865f534a3560e29139da4882aff630d1/ruff-0.16.8-py3-none-musllinux_1_2_i686.whl", hash = "sha256:59e8f5681349474110b24d62e93cfda6593f5fa3473446ca3705200cac1a08b9", size = 10231569, upload-time = "2026-09-16T15:54:32.036Z" },
    { url = "https://files.pythonhosted.org/packages/2b/c4/8aa6ea0bdcedbd1bf87397e2fc4ed8406448ea5842f8660bc6e5f163039d/ruff-0.16.8-py3-none-musllinux_1_2_x86_64.whl", hash = "sha256:efa3e7a16d1baaa79957888dfdf8be9ef2e44db81cb032af06d76632ab59e773", size = 10663666, upload-time = "2026-09-16T15:54:34.838Z" },
    { url = "https://files.pythonhosted.org/packages/3d/02/7f10ef4700bc223c30a3fdd10631a29830c45524b810a3c7ed947af64591/ruff-0.16.8-py3-none-win32.whl", hash = "sha256:55793ba85c69921e89be061426d91a78652d6e50317c962240922747a4eb713f", size = 10093472, upload-time = "2026-09-16T15:54:37.47Z" },
    { url = "https://files.pythonhosted.org/packages/1e/5d/a509c07d714b6da88f2c518b4637cf6f1d46b074be8f0f1e5fb9ff5126fe/ruff-0.16.8-py3-none-win_amd64.whl", hash = "sha256:a6b85621fd3c81e31fc5f5add09c9c078b430db3595ca632efafdec9e64ebfaa", size = 10586899, upload-time = "2026-09-16T15:54:40.488Z" },
    { url = "https://files.pythonhosted.org/packages/fe/a0/50787329e4f20bf9dc9f6230015d46ec69c51a97ace5bc202dae4755365d/ruff-0.16.8-py3-none-win_arm64.whl", hash = "sha256:d075e820af612102ce217f07cc93e69f9490b10ec13ea85fa87bd03d996cef8a", size = 10386316, upload-time = "2026-09-16T15:54:43.332Z" },
]

[[package]]
name = "scrapling"
version = "0.4.15"
source = { registry = "https://pypi.org/simple" }
dependencies = [
    { name = "cssselect" },
    { name = "lxml" },
    { name = "orjson" },
    { name = "tld" },
    { name = "typing-extensions" },
    { name = "w3lib" },
]
sdist = { url = "https://files.pythonhosted.org/packages/9a/39/74b4c84e1492e483331631272ef881ea96f9933fa7153fe5a85043b8f737/scrapling-0.4.15.tar.gz", hash = "sha256:72406900f437316209dd05d9853dae04420f1cab0e11071604bb4588b6e2f713", size = 178459, upload-time = "2026-08-23T19:43:49.292Z" }
wheels = [
    { url = "https://files.pythonhosted.org/packages/87/68/bdccc7c459eb90d442cbc89a028c893381cf363165c7c58f024307b8d9ed/scrapling-0.4.15-py3-none-any.whl", hash = "sha256:ae66bde9f63afb793ad6f93bd76b451e29f1631347465a553c4e7765c0ecc1f2", size = 180463, upload-time = "2026-08-23T19:43:47.569Z" },
]

[package.optional-dependencies]
fetchers = [
    { name = "anyio" },
    { name = "apify-fingerprint-datapoints" },
    { name = "browserforge" },
    { name = "click" },
    { name = "curl-cffi" },
    { name = "msgspec" },
    { name = "patchright" },
    { name = "playwright" },
    { name = "protego" },
]

[[package]]
name = "sourcer"
version = "0.1.0"
source = { editable = "." }
dependencies = [
    { name = "scrapling", extra = ["fetchers"] },
]

[package.dev-dependencies]
dev = [
    { name = "ruff" },
]

[package.metadata]
requires-dist = [{ name = "scrapling", extras = ["fetchers"], specifier = ">=0.4.15" }]

[package.metadata.requires-dev]
dev = [{ name = "ruff", specifier = ">=0.14.0" }]

[[package]]
name = "tld"
version = "0.13.2"
source = { registry = "https://pypi.org/simple" }
sdist = { url = "https://files.pythonhosted.org/packages/5c/5d/76b4383ac4e5b5e254e50c09807b3e13820bed6d6c11cd540264988d6802/tld-0.13.2.tar.gz", hash = "sha256:d983fa92b9d717400742fca844e29d5e18271079c7bcfabf66d01b39b4a14345", size = 467175, upload-time = "2026-03-06T23:50:34.498Z" }
wheels = [
    { url = "https://files.pythonhosted.org/packages/9e/90/39a85a4b63c84213e78b3c17d22e1bf45328acf8ebb33ef93be30d0a3911/tld-0.13.2-py2.py3-none-any.whl", hash = "sha256:9b8fdbdb880e7ba65b216a4937f2c94c49a7226723783d5838fc958ac76f4e0c", size = 296743, upload-time = "2026-03-06T23:50:32.465Z" },
]

[[package]]
name = "typing-extensions"
version = "4.16.0"
source = { registry = "https://pypi.org/simple" }
sdist = { url = "https://files.pythonhosted.org/packages/f6/cc/6253133b5bb138fc3306cebfbda2c520f545d36b5be2c7255cc528bb45d6/typing_extensions-4.16.0.tar.gz", hash = "sha256:dc983d19a509c94dba722ee6abd33940f7c05a89e243c47e907eb4db6f1a43e5", size = 113555, upload-time = "2026-07-02T08:40:05.92Z" }
wheels = [
    { url = "https://files.pythonhosted.org/packages/49/d3/b8441a820a491ddfc024b0b0cf0393375b75ea13866d9c66727e54c2fc80/typing_extensions-4.16.0-py3-none-any.whl", hash = "sha256:481caa481374e813c1b176ada14e97f1f67a4539ce9cfeb3f350d78d6370c2e8", size = 45571, upload-time = "2026-07-02T08:40:04.659Z" },
]

[[package]]
name = "w3lib"
version = "2.4.1"
source = { registry = "https://pypi.org/simple" }
sdist = { url = "https://files.pythonhosted.org/packages/c0/91/b2eb59c2cf243de5de1e91c963655df78c015509f51297685a8c86a27b8c/w3lib-2.4.1.tar.gz", hash = "sha256:8dd69ee39ff6398d708c793abc779c334a69bac7cee1cdf71736c669ed6be864", size = 48494, upload-time = "2026-03-20T09:50:27.477Z" }
wheels = [
    { url = "https://files.pythonhosted.org/packages/66/c3/f8b216cbd742e5b84c40f045204c764ccb7524d2aeab021054ec69446b0a/w3lib-2.4.1-py3-none-any.whl", hash = "sha256:40930132907e68de906a5b89331ab8c8ff4f01bd35b5539ef7896017d814138d", size = 21695, upload-time = "2026-03-20T09:50:26.187Z" },
]
